
Microsoft Visual Studio Solution File, Format Version 12.00
# Visual Studio Version 17
VisualStudioVersion = 17.2.32630.192
MinimumVisualStudioVersion = 10.0.40219.1
Project("{2150E333-8FDC-42A3-9474-1A3956D46DE8}") = "Core", "Core", "{46048A8A-9831-4C04-BCF9-88A55DA4F004}"
EndProject
Project("{FAE04EC0-301F-11D3-BF4B-00C04F79EFBC}") = "ECommerceAPI.Domain", "Core\ECommerceAPI.Domain\ECommerceAPI.Domain.csproj", "{0A4CE519-82D9-4A30-80CE-D3D7FE84749A}"
EndProject
Project("{FAE04EC0-301F-11D3-BF4B-00C04F79EFBC}") = "ECommerceAPI.Application", "Core\ECommerceAPI.Application\ECommerceAPI.Application.csproj", "{0E26EFCF-FDE2-42DF-B74B-93752A9ED5DF}"
EndProject
Project("{2150E333-8FDC-42A3-9474-1A3956D46DE8}") = "Infrastructure", "Infrastructure", "{90777BE5-203C-43CB-BA79-90748212E602}"
EndProject
Project("{FAE04EC0-301F-11D3-BF4B-00C04F79EFBC}") = "ECommerceAPI.Infrastructure", "Infrastructure\ECommerceAPI.Infrastructure\ECommerceAPI.Infrastructure.csproj", "{266DC8E0-F449-470E-9102-2D0F02F729A8}"
EndProject
Project("{FAE04EC0-301F-11D3-BF4B-00C04F79EFBC}") = "ECommerceAPI.Persistence", "Infrastructure\ECommerceAPI.Persistence\ECommerceAPI.Persistence.csproj", "{E1DA1490-9A4B-498F-8745-72C2FBE480A4}"
EndProject
Project("{2150E333-8FDC-42A3-9474-1A3956D46DE8}") = "Presentation", "Presentation", "{D2B8D0C6-B1EB-43F3-ABD5-40C31D0D5862}"
EndProject
Project("{FAE04EC0-301F-11D3-BF4B-00C04F79EFBC}") = "ECommerceAPI.API", "Presentation\ECommerceAPI.API\ECommerceAPI.API.csproj", "{BDAF011B-52CF-4EB7-A0FC-167636715453}"
EndProject
Global
	GlobalSection(SolutionConfigurationPlatforms) = preSolution
		Debug|Any CPU = Debug|Any CPU
		Release|Any CPU = Release|Any CPU
	EndGlobalSection
	GlobalSection(ProjectConfigurationPlatforms) = postSolution
		{0A4CE519-82D9-4A30-80CE-D3D7FE84749A}.Debug|Any CPU.ActiveCfg = Debug|Any CPU
		{0A4CE519-82D9-4A30-80CE-D3D7FE84749A}.Debug|Any CPU.Build.0 = Debug|Any CPU
		{0A4CE519-82D9-4A30-80CE-D3D7FE84749A}.Release|Any CPU.ActiveCfg = Release|Any CPU
		{0A4CE519-82D9-4A30-80CE-D3D7FE84749A}.Release|Any CPU.Build.0 = Release|Any CPU
		{0E26EFCF-FDE2-42DF-B74B-93752A9ED5DF}.Debug|Any CPU.ActiveCfg = Debug|Any CPU
		{0E26EFCF-FDE2-42DF-B74B-93752A9ED5DF}.Debug|Any CPU.Build.0 = Debug|Any CPU
		{0E26EFCF-FDE2-42DF-B74B-93752A9ED5DF}.Release|Any CPU.ActiveCfg = Release|Any CPU
		{0E26EFCF-FDE2-42DF-B74B-93752A9ED5DF}.Release|Any CPU.Build.0 = Release|Any CPU
		{266DC8E0-F449-470E-9102-2D0F02F729A8}.Debug|Any CPU.ActiveCfg = Debug|Any CPU
		{266DC8E0-F449-470E-9102-2D0F02F729A8}.Debug|Any CPU.Build.0 = Debug|Any CPU
		{266DC8E0-F449-470E-9102-2D0F02F729A8}.Release|Any CPU.ActiveCfg = Release|Any CPU
		{266DC8E0-F449-470E-9102-2D0F02F729A8}.Release|Any CPU.Build.0 = Release|Any CPU
		{E1DA1490-9A4B-498F-8745-72C2FBE480A4}.Debug|Any CPU.ActiveCfg = Debug|Any CPU
		{E1DA1490-9A4B-498F-8745-72C2FBE480A4}.Debug|Any CPU.Build.0 = Debug|Any CPU
		{E1DA1490-9A4B-498F-8745-72C2FBE480A4}.Release|Any CPU.ActiveCfg = Release|Any CPU
		{E1DA1490-9A4B-498F-8745-72C2FBE480A4}.Release|Any CPU.Build.0 = Release|Any CPU
		{BDAF011B-52CF-4EB7-A0FC-167636715453}.Debug|Any CPU.ActiveCfg = Debug|Any CPU
		{BDAF011B-52CF-4EB7-A0FC-167636715453}.Debug|Any CPU.Build.0 = Debug|Any CPU
		{BDAF011B-52CF-4EB7-A0FC-167636715453}.Release|Any CPU.ActiveCfg = Release|Any CPU
		{BDAF011B-52CF-4EB7-A0FC-167636715453}.Release|Any CPU.Build.0 = Release|Any CPU
	EndGlobalSection
	GlobalSection(SolutionProperties) = preSolution
		HideSolutionNode = FALSE
	EndGlobalSection
	GlobalSection(NestedProjects) = preSolution
		{0A4CE519-82D9-4A30-80CE-D3D7FE84749A} = {46048A8A-9831-4C04-BCF9-88A55DA4F004}
		{0E26EFCF-FDE2-42DF-B74B-93752A9ED5DF} = {46048A8A-9831-4C04-BCF9-88A55DA4F004}
		{266DC8E0-F449-470E-9102-2D0F02F729A8} = {90777BE5-203C-43CB-BA79-90748212E602}
		{E1DA1490-9A4B-498F-8745-72C2FBE480A4} = {90777BE5-203C-43CB-BA79-90748212E602}
		{BDAF011B-52CF-4EB7-A0FC-167636715453} = {D2B8D0C6-B1EB-43F3-ABD5-40C31D0D5862}
	EndGlobalSection
	GlobalSection(ExtensibilityGlobals) = postSolution
		SolutionGuid = {FA79CEC2-4008-4971-AB0A-676F17ACF355}
	EndGlobalSection
EndGlobal
